
Microsoft Visual Studio Solution File, Format Version 12.00
# Visual Studio Version 17
VisualStudioVersion = 17.0.31903.59
MinimumVisualStudioVersion = 10.0.40219.1
Project("{2150E333-8FDC-42A3-9474-1A3956D46DE8}") = "Day06", "Day06", "{279955B3-EB9D-46BF-A1F5-1C310DAB8D0D}"
EndProject
Project("{6EC3EE1D-3C4E-46DD-8F32-0CC8E7565705}") = "Day06Part1", "Day06\Day06Part1\Day06Part1.fsproj", "{6324DA69-803D-4338-BE16-64097E38774B}"
EndProject
Project("{6EC3EE1D-3C4E-46DD-8F32-0CC8E7565705}") = "Day06Part2", "Day06\Day06Part2\Day06Part2.fsproj", "{565EDF6D-3D51-458E-BEFD-0FE54AE5C258}"
EndProject
Project("{2150E333-8FDC-42A3-9474-1A3956D46DE8}") = "Day07", "Day07", "{9DC26FDB-3D43-4C4A-84E4-B76E638A67A0}"
EndProject
Project("{6EC3EE1D-3C4E-46DD-8F32-0CC8E7565705}") = "Day07Part1", "Day07\Day07Part1\Day07Part1.fsproj", "{E0491E17-97D5-4BCA-BF94-5A1035AEC960}"
EndProject
Project("{F2A71F9B-5D33-465A-A702-920D77279786}") = "Day07Part2", "Day07\Day07Part2\Day07Part2.fsproj", "{779452F4-E72B-478E-896C-57D51CD454AA}"
EndProject
Project("{2150E333-8FDC-42A3-9474-1A3956D46DE8}") = "Day08", "Day08", "{25BE79C5-9A80-4D90-913A-6B1CBA0256AB}"
EndProject
Project("{F2A71F9B-5D33-465A-A702-920D77279786}") = "Day08Part1", "Day08\Day08Part1\Day08Part1.fsproj", "{473B25D7-C04C-4379-A758-C02D67F34A2B}"
EndProject
Project("{F2A71F9B-5D33-465A-A702-920D77279786}") = "Day08Part2", "Day08\Day08Part2\Day08Part2.fsproj", "{6D824332-8B57-4420-B564-A69E4EC8DC74}"
EndProject
Global
	GlobalSection(SolutionConfigurationPlatforms) = preSolution
		Debug|Any CPU = Debug|Any CPU
		Debug|x64 = Debug|x64
		Debug|x86 = Debug|x86
		Release|Any CPU = Release|Any CPU
		Release|x64 = Release|x64
		Release|x86 = Release|x86
	EndGlobalSection
	GlobalSection(ProjectConfigurationPlatforms) = postSolution
		{6324DA69-803D-4338-BE16-64097E38774B}.Debug|Any CPU.ActiveCfg = Debug|Any CPU
		{6324DA69-803D-4338-BE16-64097E38774B}.Debug|Any CPU.Build.0 = Debug|Any CPU
		{6324DA69-803D-4338-BE16-64097E38774B}.Debug|x64.ActiveCfg = Debug|Any CPU
		{6324DA69-803D-4338-BE16-64097E38774B}.Debug|x64.Build.0 = Debug|Any CPU
		{6324DA69-803D-4338-BE16-64097E38774B}.Debug|x86.ActiveCfg = Debug|Any CPU
		{6324DA69-803D-4338-BE16-64097E38774B}.Debug|x86.Build.0 = Debug|Any CPU
		{6324DA69-803D-4338-BE16-64097E38774B}.Release|Any CPU.ActiveCfg = Release|Any CPU
		{6324DA69-803D-4338-BE16-64097E38774B}.Release|Any CPU.Build.0 = Release|Any CPU
		{6324DA69-803D-4338-BE16-64097E38774B}.Release|x64.ActiveCfg = Release|Any CPU
		{6324DA69-803D-4338-BE16-64097E38774B}.Release|x64.Build.0 = Release|Any CPU
		{6324DA69-803D-4338-BE16-64097E38774B}.Release|x86.ActiveCfg = Release|Any CPU
		{6324DA69-803D-4338-BE16-64097E38774B}.Release|x86.Build.0 = Release|Any CPU
		{565EDF6D-3D51-458E-BEFD-0FE54AE5C258}.Debug|Any CPU.ActiveCfg = Debug|Any CPU
		{565EDF6D-3D51-458E-BEFD-0FE54AE5C258}.Debug|Any CPU.Build.0 = Debug|Any CPU
		{565EDF6D-3D51-458E-BEFD-0FE54AE5C258}.Debug|x64.ActiveCfg = Debug|Any CPU
		{565EDF6D-3D51-458E-BEFD-0FE54AE5C258}.Debug|x64.Build.0 = Debug|Any CPU
		{565EDF6D-3D51-458E-BEFD-0FE54AE5C258}.Debug|x86.ActiveCfg = Debug|Any CPU
		{565EDF6D-3D51-458E-BEFD-0FE54AE5C258}.Debug|x86.Build.0 = Debug|Any CPU
		{565EDF6D-3D51-458E-BEFD-0FE54AE5C258}.Release|Any CPU.ActiveCfg = Release|Any CPU
		{565EDF6D-3D51-458E-BEFD-0FE54AE5C258}.Release|Any CPU.Build.0 = Release|Any CPU
		{565EDF6D-3D51-458E-BEFD-0FE54AE5C258}.Release|x64.ActiveCfg = Release|Any CPU
		{565EDF6D-3D51-458E-BEFD-0FE54AE5C258}.Release|x64.Build.0 = Release|Any CPU
		{565EDF6D-3D51-458E-BEFD-0FE54AE5C258}.Release|x86.ActiveCfg = Release|Any CPU
		{565EDF6D-3D51-458E-BEFD-0FE54AE5C258}.Release|x86.Build.0 = Release|Any CPU
		{E0491E17-97D5-4BCA-BF94-5A1035AEC960}.Debug|Any CPU.ActiveCfg = Debug|Any CPU
		{E0491E17-97D5-4BCA-BF94-5A1035AEC960}.Debug|Any CPU.Build.0 = Debug|Any CPU
		{E0491E17-97D5-4BCA-BF94-5A1035AEC960}.Debug|x64.ActiveCfg = Debug|Any CPU
		{E0491E17-97D5-4BCA-BF94-5A1035AEC960}.Debug|x64.Build.0 = Debug|Any CPU
		{E0491E17-97D5-4BCA-BF94-5A1035AEC960}.Debug|x86.ActiveCfg = Debug|Any CPU
		{E0491E17-97D5-4BCA-BF94-5A1035AEC960}.Debug|x86.Build.0 = Debug|Any CPU
		{E0491E17-97D5-4BCA-BF94-5A1035AEC960}.Release|Any CPU.ActiveCfg = Release|Any CPU
		{E0491E17-97D5-4BCA-BF94-5A1035AEC960}.Release|Any CPU.Build.0 = Release|Any CPU
		{E0491E17-97D5-4BCA-BF94-5A1035AEC960}.Release|x64.ActiveCfg = Release|Any CPU
		{E0491E17-97D5-4BCA-BF94-5A1035AEC960}.Release|x64.Build.0 = Release|Any CPU
		{E0491E17-97D5-4BCA-BF94-5A1035AEC960}.Release|x86.ActiveCfg = Release|Any CPU
		{E0491E17-97D5-4BCA-BF94-5A1035AEC960}.Release|x86.Build.0 = Release|Any CPU
		{779452F4-E72B-478E-896C-57D51CD454AA}.Debug|Any CPU.ActiveCfg = Debug|Any CPU
		{779452F4-E72B-478E-896C-57D51CD454AA}.Debug|Any CPU.Build.0 = Debug|Any CPU
		{779452F4-E72B-478E-896C-57D51CD454AA}.Debug|x64.ActiveCfg = Debug|Any CPU
		{779452F4-E72B-478E-896C-57D51CD454AA}.Debug|x64.Build.0 = Debug|Any CPU
		{779452F4-E72B-478E-896C-57D51CD454AA}.Debug|x86.ActiveCfg = Debug|Any CPU
		{779452F4-E72B-478E-896C-57D51CD454AA}.Debug|x86.Build.0 = Debug|Any CPU
		{779452F4-E72B-478E-896C-57D51CD454AA}.Release|Any CPU.ActiveCfg = Release|Any CPU
		{779452F4-E72B-478E-896C-57D51CD454AA}.Release|Any CPU.Build.0 = Release|Any CPU
		{779452F4-E72B-478E-896C-57D51CD454AA}.Release|x64.ActiveCfg = Release|Any CPU
		{779452F4-E72B-478E-896C-57D51CD454AA}.Release|x64.Build.0 = Release|Any CPU
		{779452F4-E72B-478E-896C-57D51CD454AA}.Release|x86.ActiveCfg = Release|Any CPU
		{779452F4-E72B-478E-896C-57D51CD454AA}.Release|x86.Build.0 = Release|Any CPU
		{473B25D7-C04C-4379-A758-C02D67F34A2B}.Debug|Any CPU.ActiveCfg = Debug|Any CPU
		{473B25D7-C04C-4379-A758-C02D67F34A2B}.Debug|Any CPU.Build.0 = Debug|Any CPU
		{473B25D7-C04C-4379-A758-C02D67F34A2B}.Debug|x64.ActiveCfg = Debug|Any CPU
		{473B25D7-C04C-4379-A758-C02D67F34A2B}.Debug|x64.Build.0 = Debug|Any CPU
		{473B25D7-C04C-4379-A758-C02D67F34A2B}.Debug|x86.ActiveCfg = Debug|Any CPU
		{473B25D7-C04C-4379-A758-C02D67F34A2B}.Debug|x86.Build.0 = Debug|Any CPU
		{473B25D7-C04C-4379-A758-C02D67F34A2B}.Release|Any CPU.ActiveCfg = Release|Any CPU
		{473B25D7-C04C-4379-A758-C02D67F34A2B}.Release|Any CPU.Build.0 = Release|Any CPU
		{473B25D7-C04C-4379-A758-C02D67F34A2B}.Release|x64.ActiveCfg = Release|Any CPU
		{473B25D7-C04C-4379-A758-C02D67F34A2B}.Release|x64.Build.0 = Release|Any CPU
		{473B25D7-C04C-4379-A758-C02D67F34A2B}.Release|x86.ActiveCfg = Release|Any CPU
		{473B25D7-C04C-4379-A758-C02D67F34A2B}.Release|x86.Build.0 = Release|Any CPU
		{6D824332-8B57-4420-B564-A69E4EC8DC74}.Debug|Any CPU.ActiveCfg = Debug|Any CPU
		{6D824332-8B57-4420-B564-A69E4EC8DC74}.Debug|Any CPU.Build.0 = Debug|Any CPU
		{6D824332-8B57-4420-B564-A69E4EC8DC74}.Debug|x64.ActiveCfg = Debug|Any CPU
		{6D824332-8B57-4420-B564-A69E4EC8DC74}.Debug|x64.Build.0 = Debug|Any CPU
		{6D824332-8B57-4420-B564-A69E4EC8DC74}.Debug|x86.ActiveCfg = Debug|Any CPU
		{6D824332-8B57-4420-B564-A69E4EC8DC74}.Debug|x86.Build.0 = Debug|Any CPU
		{6D824332-8B57-4420-B564-A69E4EC8DC74}.Release|Any CPU.ActiveCfg = Release|Any CPU
		{6D824332-8B57-4420-B564-A69E4EC8DC74}.Release|Any CPU.Build.0 = Release|Any CPU
		{6D824332-8B57-4420-B564-A69E4EC8DC74}.Release|x64.ActiveCfg = Release|Any CPU
		{6D824332-8B57-4420-B564-A69E4EC8DC74}.Release|x64.Build.0 = Release|Any CPU
		{6D824332-8B57-4420-B564-A69E4EC8DC74}.Release|x86.ActiveCfg = Release|Any CPU
		{6D824332-8B57-4420-B564-A69E4EC8DC74}.Release|x86.Build.0 = Release|Any CPU
	EndGlobalSection
	GlobalSection(SolutionProperties) = preSolution
		HideSolutionNode = FALSE
	EndGlobalSection
	GlobalSection(NestedProjects) = preSolution
		{6324DA69-803D-4338-BE16-64097E38774B} = {279955B3-EB9D-46BF-A1F5-1C310DAB8D0D}
		{565EDF6D-3D51-458E-BEFD-0FE54AE5C258} = {279955B3-EB9D-46BF-A1F5-1C310DAB8D0D}
		{E0491E17-97D5-4BCA-BF94-5A1035AEC960} = {9DC26FDB-3D43-4C4A-84E4-B76E638A67A0}
		{779452F4-E72B-478E-896C-57D51CD454AA} = {9DC26FDB-3D43-4C4A-84E4-B76E638A67A0}
		{473B25D7-C04C-4379-A758-C02D67F34A2B} = {25BE79C5-9A80-4D90-913A-6B1CBA0256AB}
		{6D824332-8B57-4420-B564-A69E4EC8DC74} = {25BE79C5-9A80-4D90-913A-6B1CBA0256AB}
	EndGlobalSection
EndGlobal
