
Microsoft Visual Studio Solution File, Format Version 12.00
# Visual Studio Version 17
VisualStudioVersion = 17.0.31903.59
MinimumVisualStudioVersion = 10.0.40219.1
Project("{2150E333-8FDC-42A3-9474-1A3956D46DE8}") = "Day06", "Day06", "{279955B3-EB9D-46BF-A1F5-1C310DAB8D0D}"
EndProject
Project("{6EC3EE1D-3C4E-46DD-8F32-0CC8E7565705}") = "Day06Part1", "Day06\Day06Part1\Day06Part1.fsproj", "{6324DA69-803D-4338-BE16-64097E38774B}"
EndProject
Project("{6EC3EE1D-3C4E-46DD-8F32-0CC8E7565705}") = "Day06Part2", "Day06\Day06Part2\Day06Part2.fsproj", "{565EDF6D-3D51-458E-BEFD-0FE54AE5C258}"
EndProject
Project("{2150E333-8FDC-42A3-9474-1A3956D46DE8}") = "Day07", "Day07", "{9DC26FDB-3D43-4C4A-84E4-B76E638A67A0}"
EndProject
Project("{6EC3EE1D-3C4E-46DD-8F32-0CC8E7565705}") = "Day07Part1", "Day07\Day07Part1\Day07Part1.fsproj", "{E0491E17-97D5-4BCA-BF94-5A1035AEC960}"
EndProject
Project("{6EC3EE1D-3C4E-46DD-8F32-0CC8E7565705}") = "Day07Part2", "Day07\Day07Part2\Day07Part2.fsproj", "{779452F4-E72B-478E-896C-57D51CD454AA}"
EndProject
Project("{2150E333-8FDC-42A3-9474-1A3956D46DE8}") = "Day08", "Day08", "{25BE79C5-9A80-4D90-913A-6B1CBA0256AB}"
EndProject
Project("{6EC3EE1D-3C4E-46DD-8F32-0CC8E7565705}") = "Day08Part1", "Day08\Day08Part1\Day08Part1.fsproj", "{473B25D7-C04C-4379-A758-C02D67F34A2B}"
EndProject
Project("{6EC3EE1D-3C4E-46DD-8F32-0CC8E7565705}") = "Day08Part2", "Day08\Day08Part2\Day08Part2.fsproj", "{6D824332-8B57-4420-B564-A69E4EC8DC74}"
EndProject
Project("{2150E333-8FDC-42A3-9474-1A3956D46DE8}") = "Shared", "Shared", "{AEC74611-107B-4097-A606-2974470248DB}"
EndProject
Project("{6EC3EE1D-3C4E-46DD-8F32-0CC8E7565705}") = "AoC.Common.Tests", "..\Shared\AoC.Common.Tests\AoC.Common.Tests.fsproj", "{A121764F-C554-482C-B793-54C36D78916D}"
EndProject
Project("{6EC3EE1D-3C4E-46DD-8F32-0CC8E7565705}") = "AoC.Common", "..\Shared\AoC.Common\AoC.Common.fsproj", "{D9440D58-18DE-41C0-98C1-F98B0E7A43A4}"
EndProject
Project("{2150E333-8FDC-42A3-9474-1A3956D46DE8}") = "Day09", "Day09", "{8A57106F-E4E8-4D8B-8D61-796F6E664E08}"
EndProject
Project("{6EC3EE1D-3C4E-46DD-8F32-0CC8E7565705}") = "Day09Part1", "Day09\Day09Part1\Day09Part1.fsproj", "{D1D03944-01A1-4D76-A0C1-2B7D77A44E72}"
EndProject
Project("{6EC3EE1D-3C4E-46DD-8F32-0CC8E7565705}") = "Day09Part2", "Day09\Day09Part2\Day09Part2.fsproj", "{334A5B15-A9EC-488A-A4AF-237B6C89A1A7}"
EndProject
Global
	GlobalSection(SolutionConfigurationPlatforms) = preSolution
		Debug|Any CPU = Debug|Any CPU
		Debug|x64 = Debug|x64
		Debug|x86 = Debug|x86
		Release|Any CPU = Release|Any CPU
		Release|x64 = Release|x64
		Release|x86 = Release|x86
	EndGlobalSection
	GlobalSection(ProjectConfigurationPlatforms) = postSolution
		{6324DA69-803D-4338-BE16-64097E38774B}.Debug|Any CPU.ActiveCfg = Debug|Any CPU
		{6324DA69-803D-4338-BE16-64097E38774B}.Debug|Any CPU.Build.0 = Debug|Any CPU
		{6324DA69-803D-4338-BE16-64097E38774B}.Debug|x64.ActiveCfg = Debug|Any CPU
		{6324DA69-803D-4338-BE16-64097E38774B}.Debug|x64.Build.0 = Debug|Any CPU
		{6324DA69-803D-4338-BE16-64097E38774B}.Debug|x86.ActiveCfg = Debug|Any CPU
		{6324DA69-803D-4338-BE16-64097E38774B}.Debug|x86.Build.0 = Debug|Any CPU
		{6324DA69-803D-4338-BE16-64097E38774B}.Release|Any CPU.ActiveCfg = Release|Any CPU
		{6324DA69-803D-4338-BE16-64097E38774B}.Release|Any CPU.Build.0 = Release|Any CPU
		{6324DA69-803D-4338-BE16-64097E38774B}.Release|x64.ActiveCfg = Release|Any CPU
		{6324DA69-803D-4338-BE16-64097E38774B}.Release|x64.Build.0 = Release|Any CPU
		{6324DA69-803D-4338-BE16-64097E38774B}.Release|x86.ActiveCfg = Release|Any CPU
		{6324DA69-803D-4338-BE16-64097E38774B}.Release|x86.Build.0 = Release|Any CPU
		{565EDF6D-3D51-458E-BEFD-0FE54AE5C258}.Debug|Any CPU.ActiveCfg = Debug|Any CPU
		{565EDF6D-3D51-458E-BEFD-0FE54AE5C258}.Debug|Any CPU.Build.0 = Debug|Any CPU
		{565EDF6D-3D51-458E-BEFD-0FE54AE5C258}.Debug|x64.ActiveCfg = Debug|Any CPU
		{565EDF6D-3D51-458E-BEFD-0FE54AE5C258}.Debug|x64.Build.0 = Debug|Any CPU
		{565EDF6D-3D51-458E-BEFD-0FE54AE5C258}.Debug|x86.ActiveCfg = Debug|Any CPU
		{565EDF6D-3D51-458E-BEFD-0FE54AE5C258}.Debug|x86.Build.0 = Debug|Any CPU
		{565EDF6D-3D51-458E-BEFD-0FE54AE5C258}.Release|Any CPU.ActiveCfg = Release|Any CPU
		{565EDF6D-3D51-458E-BEFD-0FE54AE5C258}.Release|Any CPU.Build.0 = Release|Any CPU
		{565EDF6D-3D51-458E-BEFD-0FE54AE5C258}.Release|x64.ActiveCfg = Release|Any CPU
		{565EDF6D-3D51-458E-BEFD-0FE54AE5C258}.Release|x64.Build.0 = Release|Any CPU
		{565EDF6D-3D51-458E-BEFD-0FE54AE5C258}.Release|x86.ActiveCfg = Release|Any CPU
		{565EDF6D-3D51-458E-BEFD-0FE54AE5C258}.Release|x86.Build.0 = Release|Any CPU
		{E0491E17-97D5-4BCA-BF94-5A1035AEC960}.Debug|Any CPU.ActiveCfg = Debug|Any CPU
		{E0491E17-97D5-4BCA-BF94-5A1035AEC960}.Debug|Any CPU.Build.0 = Debug|Any CPU
		{E0491E17-97D5-4BCA-BF94-5A1035AEC960}.Debug|x64.ActiveCfg = Debug|Any CPU
		{E0491E17-97D5-4BCA-BF94-5A1035AEC960}.Debug|x64.Build.0 = Debug|Any CPU
		{E0491E17-97D5-4BCA-BF94-5A1035AEC960}.Debug|x86.ActiveCfg = Debug|Any CPU
		{E0491E17-97D5-4BCA-BF94-5A1035AEC960}.Debug|x86.Build.0 = Debug|Any CPU
		{E0491E17-97D5-4BCA-BF94-5A1035AEC960}.Release|Any CPU.ActiveCfg = Release|Any CPU
		{E0491E17-97D5-4BCA-BF94-5A1035AEC960}.Release|Any CPU.Build.0 = Release|Any CPU
		{E0491E17-97D5-4BCA-BF94-5A1035AEC960}.Release|x64.ActiveCfg = Release|Any CPU
		{E0491E17-97D5-4BCA-BF94-5A1035AEC960}.Release|x64.Build.0 = Release|Any CPU
		{E0491E17-97D5-4BCA-BF94-5A1035AEC960}.Release|x86.ActiveCfg = Release|Any CPU
		{E0491E17-97D5-4BCA-BF94-5A1035AEC960}.Release|x86.Build.0 = Release|Any CPU
		{779452F4-E72B-478E-896C-57D51CD454AA}.Debug|Any CPU.ActiveCfg = Debug|Any CPU
		{779452F4-E72B-478E-896C-57D51CD454AA}.Debug|Any CPU.Build.0 = Debug|Any CPU
		{779452F4-E72B-478E-896C-57D51CD454AA}.Debug|x64.ActiveCfg = Debug|Any CPU
		{779452F4-E72B-478E-896C-57D51CD454AA}.Debug|x64.Build.0 = Debug|Any CPU
		{779452F4-E72B-478E-896C-57D51CD454AA}.Debug|x86.ActiveCfg = Debug|Any CPU
		{779452F4-E72B-478E-896C-57D51CD454AA}.Debug|x86.Build.0 = Debug|Any CPU
		{779452F4-E72B-478E-896C-57D51CD454AA}.Release|Any CPU.ActiveCfg = Release|Any CPU
		{779452F4-E72B-478E-896C-57D51CD454AA}.Release|Any CPU.Build.0 = Release|Any CPU
		{779452F4-E72B-478E-896C-57D51CD454AA}.Release|x64.ActiveCfg = Release|Any CPU
		{779452F4-E72B-478E-896C-57D51CD454AA}.Release|x64.Build.0 = Release|Any CPU
		{779452F4-E72B-478E-896C-57D51CD454AA}.Release|x86.ActiveCfg = Release|Any CPU
		{779452F4-E72B-478E-896C-57D51CD454AA}.Release|x86.Build.0 = Release|Any CPU
		{473B25D7-C04C-4379-A758-C02D67F34A2B}.Debug|Any CPU.ActiveCfg = Debug|Any CPU
		{473B25D7-C04C-4379-A758-C02D67F34A2B}.Debug|Any CPU.Build.0 = Debug|Any CPU
		{473B25D7-C04C-4379-A758-C02D67F34A2B}.Debug|x64.ActiveCfg = Debug|Any CPU
		{473B25D7-C04C-4379-A758-C02D67F34A2B}.Debug|x64.Build.0 = Debug|Any CPU
		{473B25D7-C04C-4379-A758-C02D67F34A2B}.Debug|x86.ActiveCfg = Debug|Any CPU
		{473B25D7-C04C-4379-A758-C02D67F34A2B}.Debug|x86.Build.0 = Debug|Any CPU
		{473B25D7-C04C-4379-A758-C02D67F34A2B}.Release|Any CPU.ActiveCfg = Release|Any CPU
		{473B25D7-C04C-4379-A758-C02D67F34A2B}.Release|Any CPU.Build.0 = Release|Any CPU
		{473B25D7-C04C-4379-A758-C02D67F34A2B}.Release|x64.ActiveCfg = Release|Any CPU
		{473B25D7-C04C-4379-A758-C02D67F34A2B}.Release|x64.Build.0 = Release|Any CPU
		{473B25D7-C04C-4379-A758-C02D67F34A2B}.Release|x86.ActiveCfg = Release|Any CPU
		{473B25D7-C04C-4379-A758-C02D67F34A2B}.Release|x86.Build.0 = Release|Any CPU
		{6D824332-8B57-4420-B564-A69E4EC8DC74}.Debug|Any CPU.ActiveCfg = Debug|Any CPU
		{6D824332-8B57-4420-B564-A69E4EC8DC74}.Debug|Any CPU.Build.0 = Debug|Any CPU
		{6D824332-8B57-4420-B564-A69E4EC8DC74}.Debug|x64.ActiveCfg = Debug|Any CPU
		{6D824332-8B57-4420-B564-A69E4EC8DC74}.Debug|x64.Build.0 = Debug|Any CPU
		{6D824332-8B57-4420-B564-A69E4EC8DC74}.Debug|x86.ActiveCfg = Debug|Any CPU
		{6D824332-8B57-4420-B564-A69E4EC8DC74}.Debug|x86.Build.0 = Debug|Any CPU
		{6D824332-8B57-4420-B564-A69E4EC8DC74}.Release|Any CPU.ActiveCfg = Release|Any CPU
		{6D824332-8B57-4420-B564-A69E4EC8DC74}.Release|Any CPU.Build.0 = Release|Any CPU
		{6D824332-8B57-4420-B564-A69E4EC8DC74}.Release|x64.ActiveCfg = Release|Any CPU
		{6D824332-8B57-4420-B564-A69E4EC8DC74}.Release|x64.Build.0 = Release|Any CPU
		{6D824332-8B57-4420-B564-A69E4EC8DC74}.Release|x86.ActiveCfg = Release|Any CPU
		{6D824332-8B57-4420-B564-A69E4EC8DC74}.Release|x86.Build.0 = Release|Any CPU
		{A121764F-C554-482C-B793-54C36D78916D}.Debug|Any CPU.ActiveCfg = Debug|Any CPU
		{A121764F-C554-482C-B793-54C36D78916D}.Debug|Any CPU.Build.0 = Debug|Any CPU
		{A121764F-C554-482C-B793-54C36D78916D}.Debug|x64.ActiveCfg = Debug|Any CPU
		{A121764F-C554-482C-B793-54C36D78916D}.Debug|x64.Build.0 = Debug|Any CPU
		{A121764F-C554-482C-B793-54C36D78916D}.Debug|x86.ActiveCfg = Debug|Any CPU
		{A121764F-C554-482C-B793-54C36D78916D}.Debug|x86.Build.0 = Debug|Any CPU
		{A121764F-C554-482C-B793-54C36D78916D}.Release|Any CPU.ActiveCfg = Release|Any CPU
		{A121764F-C554-482C-B793-54C36D78916D}.Release|Any CPU.Build.0 = Release|Any CPU
		{A121764F-C554-482C-B793-54C36D78916D}.Release|x64.ActiveCfg = Release|Any CPU
		{A121764F-C554-482C-B793-54C36D78916D}.Release|x64.Build.0 = Release|Any CPU
		{A121764F-C554-482C-B793-54C36D78916D}.Release|x86.ActiveCfg = Release|Any CPU
		{A121764F-C554-482C-B793-54C36D78916D}.Release|x86.Build.0 = Release|Any CPU
		{D9440D58-18DE-41C0-98C1-F98B0E7A43A4}.Debug|Any CPU.ActiveCfg = Debug|Any CPU
		{D9440D58-18DE-41C0-98C1-F98B0E7A43A4}.Debug|Any CPU.Build.0 = Debug|Any CPU
		{D9440D58-18DE-41C0-98C1-F98B0E7A43A4}.Debug|x64.ActiveCfg = Debug|Any CPU
		{D9440D58-18DE-41C0-98C1-F98B0E7A43A4}.Debug|x64.Build.0 = Debug|Any CPU
		{D9440D58-18DE-41C0-98C1-F98B0E7A43A4}.Debug|x86.ActiveCfg = Debug|Any CPU
		{D9440D58-18DE-41C0-98C1-F98B0E7A43A4}.Debug|x86.Build.0 = Debug|Any CPU
		{D9440D58-18DE-41C0-98C1-F98B0E7A43A4}.Release|Any CPU.ActiveCfg = Release|Any CPU
		{D9440D58-18DE-41C0-98C1-F98B0E7A43A4}.Release|Any CPU.Build.0 = Release|Any CPU
		{D9440D58-18DE-41C0-98C1-F98B0E7A43A4}.Release|x64.ActiveCfg = Release|Any CPU
		{D9440D58-18DE-41C0-98C1-F98B0E7A43A4}.Release|x64.Build.0 = Release|Any CPU
		{D9440D58-18DE-41C0-98C1-F98B0E7A43A4}.Release|x86.ActiveCfg = Release|Any CPU
		{D9440D58-18DE-41C0-98C1-F98B0E7A43A4}.Release|x86.Build.0 = Release|Any CPU
		{D1D03944-01A1-4D76-A0C1-2B7D77A44E72}.Debug|Any CPU.ActiveCfg = Debug|Any CPU
		{D1D03944-01A1-4D76-A0C1-2B7D77A44E72}.Debug|Any CPU.Build.0 = Debug|Any CPU
		{D1D03944-01A1-4D76-A0C1-2B7D77A44E72}.Debug|x64.ActiveCfg = Debug|Any CPU
		{D1D03944-01A1-4D76-A0C1-2B7D77A44E72}.Debug|x64.Build.0 = Debug|Any CPU
		{D1D03944-01A1-4D76-A0C1-2B7D77A44E72}.Debug|x86.ActiveCfg = Debug|Any CPU
		{D1D03944-01A1-4D76-A0C1-2B7D77A44E72}.Debug|x86.Build.0 = Debug|Any CPU
		{D1D03944-01A1-4D76-A0C1-2B7D77A44E72}.Release|Any CPU.ActiveCfg = Release|Any CPU
		{D1D03944-01A1-4D76-A0C1-2B7D77A44E72}.Release|Any CPU.Build.0 = Release|Any CPU
		{D1D03944-01A1-4D76-A0C1-2B7D77A44E72}.Release|x64.ActiveCfg = Release|Any CPU
		{D1D03944-01A1-4D76-A0C1-2B7D77A44E72}.Release|x64.Build.0 = Release|Any CPU
		{D1D03944-01A1-4D76-A0C1-2B7D77A44E72}.Release|x86.ActiveCfg = Release|Any CPU
		{D1D03944-01A1-4D76-A0C1-2B7D77A44E72}.Release|x86.Build.0 = Release|Any CPU
		{334A5B15-A9EC-488A-A4AF-237B6C89A1A7}.Debug|Any CPU.ActiveCfg = Debug|Any CPU
		{334A5B15-A9EC-488A-A4AF-237B6C89A1A7}.Debug|Any CPU.Build.0 = Debug|Any CPU
		{334A5B15-A9EC-488A-A4AF-237B6C89A1A7}.Debug|x64.ActiveCfg = Debug|Any CPU
		{334A5B15-A9EC-488A-A4AF-237B6C89A1A7}.Debug|x64.Build.0 = Debug|Any CPU
		{334A5B15-A9EC-488A-A4AF-237B6C89A1A7}.Debug|x86.ActiveCfg = Debug|Any CPU
		{334A5B15-A9EC-488A-A4AF-237B6C89A1A7}.Debug|x86.Build.0 = Debug|Any CPU
		{334A5B15-A9EC-488A-A4AF-237B6C89A1A7}.Release|Any CPU.ActiveCfg = Release|Any CPU
		{334A5B15-A9EC-488A-A4AF-237B6C89A1A7}.Release|Any CPU.Build.0 = Release|Any CPU
		{334A5B15-A9EC-488A-A4AF-237B6C89A1A7}.Release|x64.ActiveCfg = Release|Any CPU
		{334A5B15-A9EC-488A-A4AF-237B6C89A1A7}.Release|x64.Build.0 = Release|Any CPU
		{334A5B15-A9EC-488A-A4AF-237B6C89A1A7}.Release|x86.ActiveCfg = Release|Any CPU
		{334A5B15-A9EC-488A-A4AF-237B6C89A1A7}.Release|x86.Build.0 = Release|Any CPU
	EndGlobalSection
	GlobalSection(SolutionProperties) = preSolution
		HideSolutionNode = FALSE
	EndGlobalSection
	GlobalSection(NestedProjects) = preSolution
		{6324DA69-803D-4338-BE16-64097E38774B} = {279955B3-EB9D-46BF-A1F5-1C310DAB8D0D}
		{565EDF6D-3D51-458E-BEFD-0FE54AE5C258} = {279955B3-EB9D-46BF-A1F5-1C310DAB8D0D}
		{E0491E17-97D5-4BCA-BF94-5A1035AEC960} = {9DC26FDB-3D43-4C4A-84E4-B76E638A67A0}
		{779452F4-E72B-478E-896C-57D51CD454AA} = {9DC26FDB-3D43-4C4A-84E4-B76E638A67A0}
		{473B25D7-C04C-4379-A758-C02D67F34A2B} = {25BE79C5-9A80-4D90-913A-6B1CBA0256AB}
		{6D824332-8B57-4420-B564-A69E4EC8DC74} = {25BE79C5-9A80-4D90-913A-6B1CBA0256AB}
		{A121764F-C554-482C-B793-54C36D78916D} = {AEC74611-107B-4097-A606-2974470248DB}
		{D9440D58-18DE-41C0-98C1-F98B0E7A43A4} = {AEC74611-107B-4097-A606-2974470248DB}
		{D1D03944-01A1-4D76-A0C1-2B7D77A44E72} = {8A57106F-E4E8-4D8B-8D61-796F6E664E08}
		{334A5B15-A9EC-488A-A4AF-237B6C89A1A7} = {8A57106F-E4E8-4D8B-8D61-796F6E664E08}
	EndGlobalSection
	GlobalSection(ExtensibilityGlobals) = postSolution
		SolutionGuid = {BB2A2B0F-1183-41E3-921E-D79BEF0C6521}
	EndGlobalSection
EndGlobal
