
Microsoft Visual Studio Solution File, Format Version 12.00
# Visual Studio Version 17
VisualStudioVersion = 17.0.31903.59
MinimumVisualStudioVersion = 10.0.40219.1
Project("{2150E333-8FDC-42A3-9474-1A3956D46DE8}") = "Shared", "Shared", "{86543964-9F8A-4E08-9C54-0C546C231493}"
EndProject
Project("{6EC3EE1D-3C4E-46DD-8F32-0CC8E7565705}") = "AoC.Common", "..\Shared\AoC.Common\AoC.Common.fsproj", "{62E57C5C-2058-4582-B78E-B2504C1E0F3B}"
EndProject
Project("{6EC3EE1D-3C4E-46DD-8F32-0CC8E7565705}") = "AoC.Common.Tests", "..\Shared\AoC.Common.Tests\AoC.Common.Tests.fsproj", "{98442DE0-A2EF-42E2-9DD2-8FEF74F36A3B}"
EndProject
Project("{2150E333-8FDC-42A3-9474-1A3956D46DE8}") = "Day21", "Day21", "{1F5B9FAA-FE69-499C-BAA3-9E3CA33E1494}"
EndProject
Project("{F2A71F9B-5D33-465A-A702-920D77279786}") = "Day21Part1", "Day21\Day21Part1\Day21Part1.fsproj", "{991429DD-4D9B-45C9-9D9E-1CF17D4DB2EE}"
EndProject
Project("{2150E333-8FDC-42A3-9474-1A3956D46DE8}") = "Day23", "Day23", "{A2404596-E076-4D56-8134-C18486864A56}"
EndProject
Project("{F2A71F9B-5D33-465A-A702-920D77279786}") = "Day23Part1", "Day23\Day23Part1\Day23Part1.fsproj", "{C25A7ACE-0DC0-4EE3-A300-D03C22A3765E}"
EndProject
Project("{F2A71F9B-5D33-465A-A702-920D77279786}") = "Day23Part2", "Day23\Day23Part2\Day23Part2.fsproj", "{155DD8B2-BB86-40F3-89EB-9C1E8450FCC6}"
EndProject
Project("{2150E333-8FDC-42A3-9474-1A3956D46DE8}") = "Day24", "Day24", "{E0754F94-E8BD-4974-9C7D-2C0175ED8EF3}"
EndProject
Project("{F2A71F9B-5D33-465A-A702-920D77279786}") = "Day24Part1", "Day24\Day24Part1\Day24Part1.fsproj", "{47C83024-8C50-4209-B339-015D5D48279E}"
EndProject
Global
	GlobalSection(SolutionConfigurationPlatforms) = preSolution
		Debug|Any CPU = Debug|Any CPU
		Release|Any CPU = Release|Any CPU
	EndGlobalSection
	GlobalSection(ProjectConfigurationPlatforms) = postSolution
		{62E57C5C-2058-4582-B78E-B2504C1E0F3B}.Debug|Any CPU.ActiveCfg = Debug|Any CPU
		{62E57C5C-2058-4582-B78E-B2504C1E0F3B}.Debug|Any CPU.Build.0 = Debug|Any CPU
		{62E57C5C-2058-4582-B78E-B2504C1E0F3B}.Release|Any CPU.ActiveCfg = Release|Any CPU
		{62E57C5C-2058-4582-B78E-B2504C1E0F3B}.Release|Any CPU.Build.0 = Release|Any CPU
		{98442DE0-A2EF-42E2-9DD2-8FEF74F36A3B}.Debug|Any CPU.ActiveCfg = Debug|Any CPU
		{98442DE0-A2EF-42E2-9DD2-8FEF74F36A3B}.Debug|Any CPU.Build.0 = Debug|Any CPU
		{98442DE0-A2EF-42E2-9DD2-8FEF74F36A3B}.Release|Any CPU.ActiveCfg = Release|Any CPU
		{98442DE0-A2EF-42E2-9DD2-8FEF74F36A3B}.Release|Any CPU.Build.0 = Release|Any CPU
		{991429DD-4D9B-45C9-9D9E-1CF17D4DB2EE}.Debug|Any CPU.ActiveCfg = Debug|Any CPU
		{991429DD-4D9B-45C9-9D9E-1CF17D4DB2EE}.Debug|Any CPU.Build.0 = Debug|Any CPU
		{991429DD-4D9B-45C9-9D9E-1CF17D4DB2EE}.Release|Any CPU.ActiveCfg = Release|Any CPU
		{991429DD-4D9B-45C9-9D9E-1CF17D4DB2EE}.Release|Any CPU.Build.0 = Release|Any CPU
		{C25A7ACE-0DC0-4EE3-A300-D03C22A3765E}.Debug|Any CPU.ActiveCfg = Debug|Any CPU
		{C25A7ACE-0DC0-4EE3-A300-D03C22A3765E}.Debug|Any CPU.Build.0 = Debug|Any CPU
		{C25A7ACE-0DC0-4EE3-A300-D03C22A3765E}.Release|Any CPU.ActiveCfg = Release|Any CPU
		{C25A7ACE-0DC0-4EE3-A300-D03C22A3765E}.Release|Any CPU.Build.0 = Release|Any CPU
		{155DD8B2-BB86-40F3-89EB-9C1E8450FCC6}.Debug|Any CPU.ActiveCfg = Debug|Any CPU
		{155DD8B2-BB86-40F3-89EB-9C1E8450FCC6}.Debug|Any CPU.Build.0 = Debug|Any CPU
		{155DD8B2-BB86-40F3-89EB-9C1E8450FCC6}.Release|Any CPU.ActiveCfg = Release|Any CPU
		{155DD8B2-BB86-40F3-89EB-9C1E8450FCC6}.Release|Any CPU.Build.0 = Release|Any CPU
		{47C83024-8C50-4209-B339-015D5D48279E}.Debug|Any CPU.ActiveCfg = Debug|Any CPU
		{47C83024-8C50-4209-B339-015D5D48279E}.Debug|Any CPU.Build.0 = Debug|Any CPU
		{47C83024-8C50-4209-B339-015D5D48279E}.Release|Any CPU.ActiveCfg = Release|Any CPU
		{47C83024-8C50-4209-B339-015D5D48279E}.Release|Any CPU.Build.0 = Release|Any CPU
	EndGlobalSection
	GlobalSection(SolutionProperties) = preSolution
		HideSolutionNode = FALSE
	EndGlobalSection
	GlobalSection(NestedProjects) = preSolution
		{62E57C5C-2058-4582-B78E-B2504C1E0F3B} = {86543964-9F8A-4E08-9C54-0C546C231493}
		{98442DE0-A2EF-42E2-9DD2-8FEF74F36A3B} = {86543964-9F8A-4E08-9C54-0C546C231493}
		{991429DD-4D9B-45C9-9D9E-1CF17D4DB2EE} = {1F5B9FAA-FE69-499C-BAA3-9E3CA33E1494}
		{C25A7ACE-0DC0-4EE3-A300-D03C22A3765E} = {A2404596-E076-4D56-8134-C18486864A56}
		{155DD8B2-BB86-40F3-89EB-9C1E8450FCC6} = {A2404596-E076-4D56-8134-C18486864A56}
		{47C83024-8C50-4209-B339-015D5D48279E} = {E0754F94-E8BD-4974-9C7D-2C0175ED8EF3}
	EndGlobalSection
EndGlobal
