
Microsoft Visual Studio Solution File, Format Version 12.00
# Visual Studio Version 17
VisualStudioVersion = 17.0.31903.59
MinimumVisualStudioVersion = 10.0.40219.1
Project("{2150E333-8FDC-42A3-9474-1A3956D46DE8}") = "Day11", "Day11", "{CC877F2C-79AE-4ED2-8E85-F75EF148DC76}"
EndProject
Project("{6EC3EE1D-3C4E-46DD-8F32-0CC8E7565705}") = "Day11Part1", "Day11\Day11Part1\Day11Part1.fsproj", "{E1E7CDF6-524B-429D-AF56-15495CA0114D}"
EndProject
Project("{2150E333-8FDC-42A3-9474-1A3956D46DE8}") = "Shared", "Shared", "{33B69C5E-EE93-43CA-B7A1-A537DBC46914}"
EndProject
Project("{6EC3EE1D-3C4E-46DD-8F32-0CC8E7565705}") = "AoC.Common", "..\Shared\AoC.Common\AoC.Common.fsproj", "{F9A6B5A2-1A96-4CDE-B24C-76C33A505C90}"
EndProject
Project("{6EC3EE1D-3C4E-46DD-8F32-0CC8E7565705}") = "AoC.Common.Tests", "..\Shared\AoC.Common.Tests\AoC.Common.Tests.fsproj", "{C70ED51F-1CF0-4FA7-8D70-1BAB5B9444AD}"
EndProject
Project("{F2A71F9B-5D33-465A-A702-920D77279786}") = "Day11Part2", "Day11\Day11Part2\Day11Part2.fsproj", "{F0A438DB-CB7B-41D9-8F0D-01EB0C3EAB8A}"
EndProject
Project("{2150E333-8FDC-42A3-9474-1A3956D46DE8}") = "Day12", "Day12", "{148DBA27-7E4F-4938-8F26-AECFA493728F}"
EndProject
Project("{F2A71F9B-5D33-465A-A702-920D77279786}") = "Day12Part1", "Day12\Day12Part1\Day12Part1.fsproj", "{D48538F6-2855-40A9-8DB3-56696D98861D}"
EndProject
Project("{2150E333-8FDC-42A3-9474-1A3956D46DE8}") = "Day13", "Day13", "{2231D803-7B31-46D0-B304-F33D405087B0}"
EndProject
Project("{F2A71F9B-5D33-465A-A702-920D77279786}") = "Day13Part1", "Day13\Day13Part1\Day13Part1.fsproj", "{2C09F41A-D940-438F-B065-F8876CEC02D9}"
EndProject
Project("{2150E333-8FDC-42A3-9474-1A3956D46DE8}") = "Day14", "Day14", "{9443D392-A98C-444B-ADA6-A225175509B8}"
EndProject
Project("{F2A71F9B-5D33-465A-A702-920D77279786}") = "Day14Part1", "Day14\Day14Part1\Day14Part1.fsproj", "{3C45C829-ACC2-4ED1-86D6-C86719BFFD1C}"
EndProject
Project("{F2A71F9B-5D33-465A-A702-920D77279786}") = "Day14Part2", "Day14\Day14Part2\Day14Part2.fsproj", "{0C995556-D99E-4C00-8063-FB4C225DB750}"
EndProject
Global
	GlobalSection(SolutionConfigurationPlatforms) = preSolution
		Debug|Any CPU = Debug|Any CPU
		Release|Any CPU = Release|Any CPU
	EndGlobalSection
	GlobalSection(ProjectConfigurationPlatforms) = postSolution
		{E1E7CDF6-524B-429D-AF56-15495CA0114D}.Debug|Any CPU.ActiveCfg = Debug|Any CPU
		{E1E7CDF6-524B-429D-AF56-15495CA0114D}.Debug|Any CPU.Build.0 = Debug|Any CPU
		{E1E7CDF6-524B-429D-AF56-15495CA0114D}.Release|Any CPU.ActiveCfg = Release|Any CPU
		{E1E7CDF6-524B-429D-AF56-15495CA0114D}.Release|Any CPU.Build.0 = Release|Any CPU
		{F9A6B5A2-1A96-4CDE-B24C-76C33A505C90}.Debug|Any CPU.ActiveCfg = Debug|Any CPU
		{F9A6B5A2-1A96-4CDE-B24C-76C33A505C90}.Debug|Any CPU.Build.0 = Debug|Any CPU
		{F9A6B5A2-1A96-4CDE-B24C-76C33A505C90}.Release|Any CPU.ActiveCfg = Release|Any CPU
		{F9A6B5A2-1A96-4CDE-B24C-76C33A505C90}.Release|Any CPU.Build.0 = Release|Any CPU
		{C70ED51F-1CF0-4FA7-8D70-1BAB5B9444AD}.Debug|Any CPU.ActiveCfg = Debug|Any CPU
		{C70ED51F-1CF0-4FA7-8D70-1BAB5B9444AD}.Debug|Any CPU.Build.0 = Debug|Any CPU
		{C70ED51F-1CF0-4FA7-8D70-1BAB5B9444AD}.Release|Any CPU.ActiveCfg = Release|Any CPU
		{C70ED51F-1CF0-4FA7-8D70-1BAB5B9444AD}.Release|Any CPU.Build.0 = Release|Any CPU
		{F0A438DB-CB7B-41D9-8F0D-01EB0C3EAB8A}.Debug|Any CPU.ActiveCfg = Debug|Any CPU
		{F0A438DB-CB7B-41D9-8F0D-01EB0C3EAB8A}.Debug|Any CPU.Build.0 = Debug|Any CPU
		{F0A438DB-CB7B-41D9-8F0D-01EB0C3EAB8A}.Release|Any CPU.ActiveCfg = Release|Any CPU
		{F0A438DB-CB7B-41D9-8F0D-01EB0C3EAB8A}.Release|Any CPU.Build.0 = Release|Any CPU
		{D48538F6-2855-40A9-8DB3-56696D98861D}.Debug|Any CPU.ActiveCfg = Debug|Any CPU
		{D48538F6-2855-40A9-8DB3-56696D98861D}.Debug|Any CPU.Build.0 = Debug|Any CPU
		{D48538F6-2855-40A9-8DB3-56696D98861D}.Release|Any CPU.ActiveCfg = Release|Any CPU
		{D48538F6-2855-40A9-8DB3-56696D98861D}.Release|Any CPU.Build.0 = Release|Any CPU
		{2C09F41A-D940-438F-B065-F8876CEC02D9}.Debug|Any CPU.ActiveCfg = Debug|Any CPU
		{2C09F41A-D940-438F-B065-F8876CEC02D9}.Debug|Any CPU.Build.0 = Debug|Any CPU
		{2C09F41A-D940-438F-B065-F8876CEC02D9}.Release|Any CPU.ActiveCfg = Release|Any CPU
		{2C09F41A-D940-438F-B065-F8876CEC02D9}.Release|Any CPU.Build.0 = Release|Any CPU
		{3C45C829-ACC2-4ED1-86D6-C86719BFFD1C}.Debug|Any CPU.ActiveCfg = Debug|Any CPU
		{3C45C829-ACC2-4ED1-86D6-C86719BFFD1C}.Debug|Any CPU.Build.0 = Debug|Any CPU
		{3C45C829-ACC2-4ED1-86D6-C86719BFFD1C}.Release|Any CPU.ActiveCfg = Release|Any CPU
		{3C45C829-ACC2-4ED1-86D6-C86719BFFD1C}.Release|Any CPU.Build.0 = Release|Any CPU
		{0C995556-D99E-4C00-8063-FB4C225DB750}.Debug|Any CPU.ActiveCfg = Debug|Any CPU
		{0C995556-D99E-4C00-8063-FB4C225DB750}.Debug|Any CPU.Build.0 = Debug|Any CPU
		{0C995556-D99E-4C00-8063-FB4C225DB750}.Release|Any CPU.ActiveCfg = Release|Any CPU
		{0C995556-D99E-4C00-8063-FB4C225DB750}.Release|Any CPU.Build.0 = Release|Any CPU
	EndGlobalSection
	GlobalSection(SolutionProperties) = preSolution
		HideSolutionNode = FALSE
	EndGlobalSection
	GlobalSection(NestedProjects) = preSolution
		{E1E7CDF6-524B-429D-AF56-15495CA0114D} = {CC877F2C-79AE-4ED2-8E85-F75EF148DC76}
		{F9A6B5A2-1A96-4CDE-B24C-76C33A505C90} = {33B69C5E-EE93-43CA-B7A1-A537DBC46914}
		{C70ED51F-1CF0-4FA7-8D70-1BAB5B9444AD} = {33B69C5E-EE93-43CA-B7A1-A537DBC46914}
		{F0A438DB-CB7B-41D9-8F0D-01EB0C3EAB8A} = {CC877F2C-79AE-4ED2-8E85-F75EF148DC76}
		{D48538F6-2855-40A9-8DB3-56696D98861D} = {148DBA27-7E4F-4938-8F26-AECFA493728F}
		{2C09F41A-D940-438F-B065-F8876CEC02D9} = {2231D803-7B31-46D0-B304-F33D405087B0}
		{3C45C829-ACC2-4ED1-86D6-C86719BFFD1C} = {9443D392-A98C-444B-ADA6-A225175509B8}
		{0C995556-D99E-4C00-8063-FB4C225DB750} = {9443D392-A98C-444B-ADA6-A225175509B8}
	EndGlobalSection
	GlobalSection(ExtensibilityGlobals) = postSolution
		SolutionGuid = {674EABB8-A01A-43BF-B930-446C135B67B0}
	EndGlobalSection
EndGlobal
